
Microsoft Visual Studio Solution File, Format Version 12.00
# Visual Studio Version 17
VisualStudioVersion = 17.11.35219.272
MinimumVisualStudioVersion = 10.0.40219.1
Project("{FAE04EC0-301F-11D3-BF4B-00C04F79EFBC}") = "MyBook", "MyBook.csproj", "{98314DDA-6197-45AD-B7B8-7F36E590D411}"
EndProject
Global
	GlobalSection(SolutionConfigurationPlatforms) = preSolution
		Debug|Any CPU = Debug|Any CPU
		Release|Any CPU = Release|Any CPU
	EndGlobalSection
	GlobalSection(ProjectConfigurationPlatforms) = postSolution
		{98314DDA-6197-45AD-B7B8-7F36E590D411}.Debug|Any CPU.ActiveCfg = Debug|Any CPU
		{98314DDA-6197-45AD-B7B8-7F36E590D411}.Debug|Any CPU.Build.0 = Debug|Any CPU
		{98314DDA-6197-45AD-B7B8-7F36E590D411}.Release|Any CPU.ActiveCfg = Release|Any CPU
		{98314DDA-6197-45AD-B7B8-7F36E590D411}.Release|Any CPU.Build.0 = Release|Any CPU
	EndGlobalSection
	GlobalSection(SolutionProperties) = preSolution
		HideSolutionNode = FALSE
	EndGlobalSection
	GlobalSection(ExtensibilityGlobals) = postSolution
		SolutionGuid = {4F71B85D-D99B-4F06-89CE-5C9AE71884E5}
	EndGlobalSection
EndGlobal
